// !$*UTF8*$!
{
	archiveVersion = 1;
	classes = {
	};
	objectVersion = 56;
	objects = {

/* Begin PBXBuildFile section */
		A3DAEE672B0B6CFA008CD0F0 /* AirBnBApp.swift in Sources */ = {isa = PBXBuildFile; fileRef = A3DAEE662B0B6CFA008CD0F0 /* AirBnBApp.swift */; };
		A3DAEE692B0B6CFA008CD0F0 /* ContentView.swift in Sources */ = {isa = PBXBuildFile; fileRef = A3DAEE682B0B6CFA008CD0F0 /* ContentView.swift */; };
		A3DAEE6B2B0B6CFC008CD0F0 /* Assets.xcassets in Resources */ = {isa = PBXBuildFile; fileRef = A3DAEE6A2B0B6CFC008CD0F0 /* Assets.xcassets */; };
		A3DAEE6F2B0B6CFC008CD0F0 /* Preview Assets.xcassets in Resources */ = {isa = PBXBuildFile; fileRef = A3DAEE6E2B0B6CFC008CD0F0 /* Preview Assets.xcassets */; };
		A3DAEE822B0B6F92008CD0F0 /* ExploreView.swift in Sources */ = {isa = PBXBuildFile; fileRef = A3DAEE812B0B6F92008CD0F0 /* ExploreView.swift */; };
		A3DAEE842B0B729A008CD0F0 /* ListingItemView.swift in Sources */ = {isa = PBXBuildFile; fileRef = A3DAEE832B0B729A008CD0F0 /* ListingItemView.swift */; };
		A3DAEE862B0B7E8C008CD0F0 /* SearchAndFilter.swift in Sources */ = {isa = PBXBuildFile; fileRef = A3DAEE852B0B7E8C008CD0F0 /* SearchAndFilter.swift */; };
		A3DAEE882B0B8E8B008CD0F0 /* ListingDetailView.swift in Sources */ = {isa = PBXBuildFile; fileRef = A3DAEE872B0B8E8B008CD0F0 /* ListingDetailView.swift */; };
		A3DAEE8B2B0B8F7C008CD0F0 /* ListingImageCarouselView.swift in Sources */ = {isa = PBXBuildFile; fileRef = A3DAEE8A2B0B8F7C008CD0F0 /* ListingImageCarouselView.swift */; };
		A3DAEE8D2B0C8A8A008CD0F0 /* DestinationSearchView.swift in Sources */ = {isa = PBXBuildFile; fileRef = A3DAEE8C2B0C8A8A008CD0F0 /* DestinationSearchView.swift */; };
		A3DAEE8F2B0E0F86008CD0F0 /* ProfileView.swift in Sources */ = {isa = PBXBuildFile; fileRef = A3DAEE8E2B0E0F86008CD0F0 /* ProfileView.swift */; };
		A3DAEE912B0E12BA008CD0F0 /* ProfileOptionRowView.swift in Sources */ = {isa = PBXBuildFile; fileRef = A3DAEE902B0E12BA008CD0F0 /* ProfileOptionRowView.swift */; };
		A3DAEE932B0E145C008CD0F0 /* WishListView.swift in Sources */ = {isa = PBXBuildFile; fileRef = A3DAEE922B0E145C008CD0F0 /* WishListView.swift */; };
		A3DAEE972B0E1622008CD0F0 /* MainTabView.swift in Sources */ = {isa = PBXBuildFile; fileRef = A3DAEE962B0E1622008CD0F0 /* MainTabView.swift */; };
/* End PBXBuildFile section */

/* Begin PBXFileReference section */
		A3DAEE632B0B6CFA008CD0F0 /* AirBnB.app */ = {isa = PBXFileReference; explicitFileType = wrapper.application; includeInIndex = 0; path = AirBnB.app; sourceTree = BUILT_PRODUCTS_DIR; };
		A3DAEE662B0B6CFA008CD0F0 /* AirBnBApp.swift */ = {isa = PBXFileReference; lastKnownFileType = sourcecode.swift; path = AirBnBApp.swift; sourceTree = "<group>"; };
		A3DAEE682B0B6CFA008CD0F0 /* ContentView.swift */ = {isa = PBXFileReference; lastKnownFileType = sourcecode.swift; path = ContentView.swift; sourceTree = "<group>"; };
		A3DAEE6A2B0B6CFC008CD0F0 /* Assets.xcassets */ = {isa = PBXFileReference; lastKnownFileType = folder.assetcatalog; path = Assets.xcassets; sourceTree = "<group>"; };
		A3DAEE6C2B0B6CFC008CD0F0 /* AirBnB.entitlements */ = {isa = PBXFileReference; lastKnownFileType = text.plist.entitlements; path = AirBnB.entitlements; sourceTree = "<group>"; };
		A3DAEE6E2B0B6CFC008CD0F0 /* Preview Assets.xcassets */ = {isa = PBXFileReference; lastKnownFileType = folder.assetcatalog; path = "Preview Assets.xcassets"; sourceTree = "<group>"; };
		A3DAEE812B0B6F92008CD0F0 /* ExploreView.swift */ = {isa = PBXFileReference; lastKnownFileType = sourcecode.swift; path = ExploreView.swift; sourceTree = "<group>"; };
		A3DAEE832B0B729A008CD0F0 /* ListingItemView.swift */ = {isa = PBXFileReference; lastKnownFileType = sourcecode.swift; path = ListingItemView.swift; sourceTree = "<group>"; };
		A3DAEE852B0B7E8C008CD0F0 /* SearchAndFilter.swift */ = {isa = PBXFileReference; lastKnownFileType = sourcecode.swift; path = SearchAndFilter.swift; sourceTree = "<group>"; };
		A3DAEE872B0B8E8B008CD0F0 /* ListingDetailView.swift */ = {isa = PBXFileReference; lastKnownFileType = sourcecode.swift; path = ListingDetailView.swift; sourceTree = "<group>"; };
		A3DAEE8A2B0B8F7C008CD0F0 /* ListingImageCarouselView.swift */ = {isa = PBXFileReference; lastKnownFileType = sourcecode.swift; path = ListingImageCarouselView.swift; sourceTree = "<group>"; };
		A3DAEE8C2B0C8A8A008CD0F0 /* DestinationSearchView.swift */ = {isa = PBXFileReference; lastKnownFileType = sourcecode.swift; path = DestinationSearchView.swift; sourceTree = "<group>"; };
		A3DAEE8E2B0E0F86008CD0F0 /* ProfileView.swift */ = {isa = PBXFileReference; lastKnownFileType = sourcecode.swift; path = ProfileView.swift; sourceTree = "<group>"; };
		A3DAEE902B0E12BA008CD0F0 /* ProfileOptionRowView.swift */ = {isa = PBXFileReference; lastKnownFileType = sourcecode.swift; path = ProfileOptionRowView.swift; sourceTree = "<group>"; };
		A3DAEE922B0E145C008CD0F0 /* WishListView.swift */ = {isa = PBXFileReference; lastKnownFileType = sourcecode.swift; path = WishListView.swift; sourceTree = "<group>"; };
		A3DAEE962B0E1622008CD0F0 /* MainTabView.swift */ = {isa = PBXFileReference; lastKnownFileType = sourcecode.swift; path = MainTabView.swift; sourceTree = "<group>"; };
/* End PBXFileReference section */

/* Begin PBXFrameworksBuildPhase section */
		A3DAEE602B0B6CFA008CD0F0 /* Frameworks */ = {
			isa = PBXFrameworksBuildPhase;
			buildActionMask = 2147483647;
			files = (
			);
			runOnlyForDeploymentPostprocessing = 0;
		};
/* End PBXFrameworksBuildPhase section */

/* Begin PBXGroup section */
		A3DAEE5A2B0B6CFA008CD0F0 = {
			isa = PBXGroup;
			children = (
				A3DAEE652B0B6CFA008CD0F0 /* AirBnB */,
				A3DAEE642B0B6CFA008CD0F0 /* Products */,
			);
			sourceTree = "<group>";
		};
		A3DAEE642B0B6CFA008CD0F0 /* Products */ = {
			isa = PBXGroup;
			children = (
				A3DAEE632B0B6CFA008CD0F0 /* AirBnB.app */,
			);
			name = Products;
			sourceTree = "<group>";
		};
		A3DAEE652B0B6CFA008CD0F0 /* AirBnB */ = {
			isa = PBXGroup;
			children = (
				A3DAEE792B0B6E1A008CD0F0 /* App */,
				A3DAEE782B0B6E17008CD0F0 /* Core */,
				A3DAEE772B0B6E0A008CD0F0 /* Extensions */,
				A3DAEE762B0B6E0A008CD0F0 /* Models */,
				A3DAEE752B0B6DCF008CD0F0 /* Utils */,
				A3DAEE682B0B6CFA008CD0F0 /* ContentView.swift */,
				A3DAEE6A2B0B6CFC008CD0F0 /* Assets.xcassets */,
				A3DAEE6C2B0B6CFC008CD0F0 /* AirBnB.entitlements */,
				A3DAEE6D2B0B6CFC008CD0F0 /* Preview Content */,
			);
			path = AirBnB;
			sourceTree = "<group>";
		};
		A3DAEE6D2B0B6CFC008CD0F0 /* Preview Content */ = {
			isa = PBXGroup;
			children = (
				A3DAEE6E2B0B6CFC008CD0F0 /* Preview Assets.xcassets */,
			);
			path = "Preview Content";
			sourceTree = "<group>";
		};
		A3DAEE752B0B6DCF008CD0F0 /* Utils */ = {
			isa = PBXGroup;
			children = (
			);
			path = Utils;
			sourceTree = "<group>";
		};
		A3DAEE762B0B6E0A008CD0F0 /* Models */ = {
			isa = PBXGroup;
			children = (
			);
			path = Models;
			sourceTree = "<group>";
		};
		A3DAEE772B0B6E0A008CD0F0 /* Extensions */ = {
			isa = PBXGroup;
			children = (
			);
			name = Extensions;
			path = "New Group1/Extensions";
			sourceTree = "<group>";
		};
		A3DAEE782B0B6E17008CD0F0 /* Core */ = {
			isa = PBXGroup;
			children = (
				A3DAEE892B0B8F58008CD0F0 /* Component */,
				A3DAEE802B0B6EED008CD0F0 /* Explore */,
				A3DAEE7F2B0B6EEB008CD0F0 /* Listing */,
				A3DAEE7E2B0B6EE9008CD0F0 /* MapView */,
				A3DAEE7D2B0B6EE7008CD0F0 /* Profile */,
				A3DAEE7C2B0B6EE5008CD0F0 /* Root */,
				A3DAEE7B2B0B6EE3008CD0F0 /* TabBar */,
				A3DAEE7A2B0B6EE1008CD0F0 /* WishList */,
			);
			path = Core;
			sourceTree = "<group>";
		};
		A3DAEE792B0B6E1A008CD0F0 /* App */ = {
			isa = PBXGroup;
			children = (
				A3DAEE662B0B6CFA008CD0F0 /* AirBnBApp.swift */,
			);
			path = App;
			sourceTree = "<group>";
		};
		A3DAEE7A2B0B6EE1008CD0F0 /* WishList */ = {
			isa = PBXGroup;
			children = (
				A3DAEE922B0E145C008CD0F0 /* WishListView.swift */,
			);
			path = WishList;
			sourceTree = "<group>";
		};
		A3DAEE7B2B0B6EE3008CD0F0 /* TabBar */ = {
			isa = PBXGroup;
			children = (
				A3DAEE962B0E1622008CD0F0 /* MainTabView.swift */,
			);
			path = TabBar;
			sourceTree = "<group>";
		};
		A3DAEE7C2B0B6EE5008CD0F0 /* Root */ = {
			isa = PBXGroup;
			children = (
			);
			path = Root;
			sourceTree = "<group>";
		};
		A3DAEE7D2B0B6EE7008CD0F0 /* Profile */ = {
			isa = PBXGroup;
			children = (
				A3DAEE8E2B0E0F86008CD0F0 /* ProfileView.swift */,
				A3DAEE902B0E12BA008CD0F0 /* ProfileOptionRowView.swift */,
			);
			path = Profile;
			sourceTree = "<group>";
		};
		A3DAEE7E2B0B6EE9008CD0F0 /* MapView */ = {
			isa = PBXGroup;
			children = (
			);
			path = MapView;
			sourceTree = "<group>";
		};
		A3DAEE7F2B0B6EEB008CD0F0 /* Listing */ = {
			isa = PBXGroup;
			children = (
				A3DAEE832B0B729A008CD0F0 /* ListingItemView.swift */,
				A3DAEE872B0B8E8B008CD0F0 /* ListingDetailView.swift */,
			);
			path = Listing;
			sourceTree = "<group>";
		};
		A3DAEE802B0B6EED008CD0F0 /* Explore */ = {
			isa = PBXGroup;
			children = (
				A3DAEE812B0B6F92008CD0F0 /* ExploreView.swift */,
				A3DAEE852B0B7E8C008CD0F0 /* SearchAndFilter.swift */,
				A3DAEE8C2B0C8A8A008CD0F0 /* DestinationSearchView.swift */,
			);
			path = Explore;
			sourceTree = "<group>";
		};
		A3DAEE892B0B8F58008CD0F0 /* Component */ = {
			isa = PBXGroup;
			children = (
				A3DAEE8A2B0B8F7C008CD0F0 /* ListingImageCarouselView.swift */,
			);
			path = Component;
			sourceTree = "<group>";
		};
/* End PBXGroup section */

/* Begin PBXNativeTarget section */
		A3DAEE622B0B6CFA008CD0F0 /* AirBnB */ = {
			isa = PBXNativeTarget;
			buildConfigurationList = A3DAEE722B0B6CFC008CD0F0 /* Build configuration list for PBXNativeTarget "AirBnB" */;
			buildPhases = (
				A3DAEE5F2B0B6CFA008CD0F0 /* Sources */,
				A3DAEE602B0B6CFA008CD0F0 /* Frameworks */,
				A3DAEE612B0B6CFA008CD0F0 /* Resources */,
			);
			buildRules = (
			);
			dependencies = (
			);
			name = AirBnB;
			productName = AirBnB;
			productReference = A3DAEE632B0B6CFA008CD0F0 /* AirBnB.app */;
			productType = "com.apple.product-type.application";
		};
/* End PBXNativeTarget section */

/* Begin PBXProject section */
		A3DAEE5B2B0B6CFA008CD0F0 /* Project object */ = {
			isa = PBXProject;
			attributes = {
				BuildIndependentTargetsInParallel = 1;
				LastSwiftUpdateCheck = 1430;
				LastUpgradeCheck = 1430;
				TargetAttributes = {
					A3DAEE622B0B6CFA008CD0F0 = {
						CreatedOnToolsVersion = 14.3.1;
					};
				};
			};
			buildConfigurationList = A3DAEE5E2B0B6CFA008CD0F0 /* Build configuration list for PBXProject "AirBnB" */;
			compatibilityVersion = "Xcode 14.0";
			developmentRegion = en;
			hasScannedForEncodings = 0;
			knownRegions = (
				en,
				Base,
			);
			mainGroup = A3DAEE5A2B0B6CFA008CD0F0;
			productRefGroup = A3DAEE642B0B6CFA008CD0F0 /* Products */;
			projectDirPath = "";
			projectRoot = "";
			targets = (
				A3DAEE622B0B6CFA008CD0F0 /* AirBnB */,
			);
		};
/* End PBXProject section */

/* Begin PBXResourcesBuildPhase section */
		A3DAEE612B0B6CFA008CD0F0 /* Resources */ = {
			isa = PBXResourcesBuildPhase;
			buildActionMask = 2147483647;
			files = (
				A3DAEE6F2B0B6CFC008CD0F0 /* Preview Assets.xcassets in Resources */,
				A3DAEE6B2B0B6CFC008CD0F0 /* Assets.xcassets in Resources */,
			);
			runOnlyForDeploymentPostprocessing = 0;
		};
/* End PBXResourcesBuildPhase section */

/* Begin PBXSourcesBuildPhase section */
		A3DAEE5F2B0B6CFA008CD0F0 /* Sources */ = {
			isa = PBXSourcesBuildPhase;
			buildActionMask = 2147483647;
			files = (
				A3DAEE8B2B0B8F7C008CD0F0 /* ListingImageCarouselView.swift in Sources */,
				A3DAEE8F2B0E0F86008CD0F0 /* ProfileView.swift in Sources */,
				A3DAEE912B0E12BA008CD0F0 /* ProfileOptionRowView.swift in Sources */,
				A3DAEE8D2B0C8A8A008CD0F0 /* DestinationSearchView.swift in Sources */,
				A3DAEE862B0B7E8C008CD0F0 /* SearchAndFilter.swift in Sources */,
				A3DAEE842B0B729A008CD0F0 /* ListingItemView.swift in Sources */,
				A3DAEE972B0E1622008CD0F0 /* MainTabView.swift in Sources */,
				A3DAEE692B0B6CFA008CD0F0 /* ContentView.swift in Sources */,
				A3DAEE932B0E145C008CD0F0 /* WishListView.swift in Sources */,
				A3DAEE822B0B6F92008CD0F0 /* ExploreView.swift in Sources */,
				A3DAEE882B0B8E8B008CD0F0 /* ListingDetailView.swift in Sources */,
				A3DAEE672B0B6CFA008CD0F0 /* AirBnBApp.swift in Sources */,
			);
			runOnlyForDeploymentPostprocessing = 0;
		};
/* End PBXSourcesBuildPhase section */

/* Begin XCBuildConfiguration section */
		A3DAEE702B0B6CFC008CD0F0 /* Debug */ = {
			isa = XCBuildConfiguration;
			buildSettings = {
				ALWAYS_SEARCH_USER_PATHS = NO;
				CLANG_ANALYZER_NONNULL = YES;
				CLANG_ANALYZER_NUMBER_OBJECT_CONVERSION = YES_AGGRESSIVE;
				CLANG_CXX_LANGUAGE_STANDARD = "gnu++20";
				CLANG_ENABLE_MODULES = YES;
				CLANG_ENABLE_OBJC_ARC = YES;
				CLANG_ENABLE_OBJC_WEAK = YES;
				CLANG_WARN_BLOCK_CAPTURE_AUTORELEASING = YES;
				CLANG_WARN_BOOL_CONVERSION = YES;
				CLANG_WARN_COMMA = YES;
				CLANG_WARN_CONSTANT_CONVERSION = YES;
				CLANG_WARN_DEPRECATED_OBJC_IMPLEMENTATIONS = YES;
				CLANG_WARN_DIRECT_OBJC_ISA_USAGE = YES_ERROR;
				CLANG_WARN_DOCUMENTATION_COMMENTS = YES;
				CLANG_WARN_EMPTY_BODY = YES;
				CLANG_WARN_ENUM_CONVERSION = YES;
				CLANG_WARN_INFINITE_RECURSION = YES;
				CLANG_WARN_INT_CONVERSION = YES;
				CLANG_WARN_NON_LITERAL_NULL_CONVERSION = YES;
				CLANG_WARN_OBJC_IMPLICIT_RETAIN_SELF = YES;
				CLANG_WARN_OBJC_LITERAL_CONVERSION = YES;
				CLANG_WARN_OBJC_ROOT_CLASS = YES_ERROR;
				CLANG_WARN_QUOTED_INCLUDE_IN_FRAMEWORK_HEADER = YES;
				CLANG_WARN_RANGE_LOOP_ANALYSIS = YES;
				CLANG_WARN_STRICT_PROTOTYPES = YES;
				CLANG_WARN_SUSPICIOUS_MOVE = YES;
				CLANG_WARN_UNGUARDED_AVAILABILITY = YES_AGGRESSIVE;
				CLANG_WARN_UNREACHABLE_CODE = YES;
				CLANG_WARN__DUPLICATE_METHOD_MATCH = YES;
				COPY_PHASE_STRIP = NO;
				DEBUG_INFORMATION_FORMAT = dwarf;
				ENABLE_STRICT_OBJC_MSGSEND = YES;
				ENABLE_TESTABILITY = YES;
				GCC_C_LANGUAGE_STANDARD = gnu11;
				GCC_DYNAMIC_NO_PIC = NO;
				GCC_NO_COMMON_BLOCKS = YES;
				GCC_OPTIMIZATION_LEVEL = 0;
				GCC_PREPROCESSOR_DEFINITIONS = (
					"DEBUG=1",
					"$(inherited)",
				);
				GCC_WARN_64_TO_32_BIT_CONVERSION = YES;
				GCC_WARN_ABOUT_RETURN_TYPE = YES_ERROR;
				GCC_WARN_UNDECLARED_SELECTOR = YES;
				GCC_WARN_UNINITIALIZED_AUTOS = YES_AGGRESSIVE;
				GCC_WARN_UNUSED_FUNCTION = YES;
				GCC_WARN_UNUSED_VARIABLE = YES;
				IPHONEOS_DEPLOYMENT_TARGET = 16.0;
				MTL_ENABLE_DEBUG_INFO = INCLUDE_SOURCE;
				MTL_FAST_MATH = YES;
				ONLY_ACTIVE_ARCH = YES;
				SWIFT_ACTIVE_COMPILATION_CONDITIONS = DEBUG;
				SWIFT_OPTIMIZATION_LEVEL = "-Onone";
			};
			name = Debug;
		};
		A3DAEE712B0B6CFC008CD0F0 /* Release */ = {
			isa = XCBuildConfiguration;
			buildSettings = {
				ALWAYS_SEARCH_USER_PATHS = NO;
				CLANG_ANALYZER_NONNULL = YES;
				CLANG_ANALYZER_NUMBER_OBJECT_CONVERSION = YES_AGGRESSIVE;
				CLANG_CXX_LANGUAGE_STANDARD = "gnu++20";
				CLANG_ENABLE_MODULES = YES;
				CLANG_ENABLE_OBJC_ARC = YES;
				CLANG_ENABLE_OBJC_WEAK = YES;
				CLANG_WARN_BLOCK_CAPTURE_AUTORELEASING = YES;
				CLANG_WARN_BOOL_CONVERSION = YES;
				CLANG_WARN_COMMA = YES;
				CLANG_WARN_CONSTANT_CONVERSION = YES;
				CLANG_WARN_DEPRECATED_OBJC_IMPLEMENTATIONS = YES;
				CLANG_WARN_DIRECT_OBJC_ISA_USAGE = YES_ERROR;
				CLANG_WARN_DOCUMENTATION_COMMENTS = YES;
				CLANG_WARN_EMPTY_BODY = YES;
				CLANG_WARN_ENUM_CONVERSION = YES;
				CLANG_WARN_INFINITE_RECURSION = YES;
				CLANG_WARN_INT_CONVERSION = YES;
				CLANG_WARN_NON_LITERAL_NULL_CONVERSION = YES;
				CLANG_WARN_OBJC_IMPLICIT_RETAIN_SELF = YES;
				CLANG_WARN_OBJC_LITERAL_CONVERSION = YES;
				CLANG_WARN_OBJC_ROOT_CLASS = YES_ERROR;
				CLANG_WARN_QUOTED_INCLUDE_IN_FRAMEWORK_HEADER = YES;
				CLANG_WARN_RANGE_LOOP_ANALYSIS = YES;
				CLANG_WARN_STRICT_PROTOTYPES = YES;
				CLANG_WARN_SUSPICIOUS_MOVE = YES;
				CLANG_WARN_UNGUARDED_AVAILABILITY = YES_AGGRESSIVE;
				CLANG_WARN_UNREACHABLE_CODE = YES;
				CLANG_WARN__DUPLICATE_METHOD_MATCH = YES;
				COPY_PHASE_STRIP = NO;
				DEBUG_INFORMATION_FORMAT = "dwarf-with-dsym";
				ENABLE_NS_ASSERTIONS = NO;
				ENABLE_STRICT_OBJC_MSGSEND = YES;
				GCC_C_LANGUAGE_STANDARD = gnu11;
				GCC_NO_COMMON_BLOCKS = YES;
				GCC_WARN_64_TO_32_BIT_CONVERSION = YES;
				GCC_WARN_ABOUT_RETURN_TYPE = YES_ERROR;
				GCC_WARN_UNDECLARED_SELECTOR = YES;
				GCC_WARN_UNINITIALIZED_AUTOS = YES_AGGRESSIVE;
				GCC_WARN_UNUSED_FUNCTION = YES;
				GCC_WARN_UNUSED_VARIABLE = YES;
				IPHONEOS_DEPLOYMENT_TARGET = 16.0;
				MTL_ENABLE_DEBUG_INFO = NO;
				MTL_FAST_MATH = YES;
				SWIFT_COMPILATION_MODE = wholemodule;
				SWIFT_OPTIMIZATION_LEVEL = "-O";
			};
			name = Release;
		};
		A3DAEE732B0B6CFC008CD0F0 /* Debug */ = {
			isa = XCBuildConfiguration;
			buildSettings = {
				ASSETCATALOG_COMPILER_APPICON_NAME = AppIcon;
				ASSETCATALOG_COMPILER_GLOBAL_ACCENT_COLOR_NAME = AccentColor;
				CODE_SIGN_ENTITLEMENTS = AirBnB/AirBnB.entitlements;
				CODE_SIGN_STYLE = Automatic;
				CURRENT_PROJECT_VERSION = 1;
				DEVELOPMENT_ASSET_PATHS = "\"AirBnB/Preview Content\"";
				DEVELOPMENT_TEAM = R866YHG6V5;
				ENABLE_HARDENED_RUNTIME = YES;
				ENABLE_PREVIEWS = YES;
				GENERATE_INFOPLIST_FILE = YES;
				"INFOPLIST_KEY_UIApplicationSceneManifest_Generation[sdk=iphoneos*]" = YES;
				"INFOPLIST_KEY_UIApplicationSceneManifest_Generation[sdk=iphonesimulator*]" = YES;
				"INFOPLIST_KEY_UIApplicationSupportsIndirectInputEvents[sdk=iphoneos*]" = YES;
				"INFOPLIST_KEY_UIApplicationSupportsIndirectInputEvents[sdk=iphonesimulator*]" = YES;
				"INFOPLIST_KEY_UILaunchScreen_Generation[sdk=iphoneos*]" = YES;
				"INFOPLIST_KEY_UILaunchScreen_Generation[sdk=iphonesimulator*]" = YES;
				"INFOPLIST_KEY_UIStatusBarStyle[sdk=iphoneos*]" = UIStatusBarStyleDefault;
				"INFOPLIST_KEY_UIStatusBarStyle[sdk=iphonesimulator*]" = UIStatusBarStyleDefault;
				INFOPLIST_KEY_UISupportedInterfaceOrientations_iPad = "UIInterfaceOrientationPortrait UIInterfaceOrientationPortraitUpsideDown UIInterfaceOrientationLandscapeLeft UIInterfaceOrientationLandscapeRight";
				INFOPLIST_KEY_UISupportedInterfaceOrientations_iPhone = "UIInterfaceOrientationPortrait UIInterfaceOrientationLandscapeLeft UIInterfaceOrientationLandscapeRight";
				IPHONEOS_DEPLOYMENT_TARGET = 16.0;
				LD_RUNPATH_SEARCH_PATHS = "@executable_path/Frameworks";
				"LD_RUNPATH_SEARCH_PATHS[sdk=macosx*]" = "@executable_path/../Frameworks";
				MACOSX_DEPLOYMENT_TARGET = 13.2;
				MARKETING_VERSION = 1.0;
				PRODUCT_BUNDLE_IDENTIFIER = com.safiribytes.AirBnB;
				PRODUCT_NAME = "$(TARGET_NAME)";
				SDKROOT = auto;
				SUPPORTED_PLATFORMS = "iphoneos iphonesimulator macosx";
				SWIFT_EMIT_LOC_STRINGS = YES;
				SWIFT_VERSION = 5.0;
				TARGETED_DEVICE_FAMILY = "1,2";
			};
			name = Debug;
		};
		A3DAEE742B0B6CFC008CD0F0 /* Release */ = {
			isa = XCBuildConfiguration;
			buildSettings = {
				ASSETCATALOG_COMPILER_APPICON_NAME = AppIcon;
				ASSETCATALOG_COMPILER_GLOBAL_ACCENT_COLOR_NAME = AccentColor;
				CODE_SIGN_ENTITLEMENTS = AirBnB/AirBnB.entitlements;
				CODE_SIGN_STYLE = Automatic;
				CURRENT_PROJECT_VERSION = 1;
				DEVELOPMENT_ASSET_PATHS = "\"AirBnB/Preview Content\"";
				DEVELOPMENT_TEAM = R866YHG6V5;
				ENABLE_HARDENED_RUNTIME = YES;
				ENABLE_PREVIEWS = YES;
				GENERATE_INFOPLIST_FILE = YES;
				"INFOPLIST_KEY_UIApplicationSceneManifest_Generation[sdk=iphoneos*]" = YES;
				"INFOPLIST_KEY_UIApplicationSceneManifest_Generation[sdk=iphonesimulator*]" = YES;
				"INFOPLIST_KEY_UIApplicationSupportsIndirectInputEvents[sdk=iphoneos*]" = YES;
				"INFOPLIST_KEY_UIApplicationSupportsIndirectInputEvents[sdk=iphonesimulator*]" = YES;
				"INFOPLIST_KEY_UILaunchScreen_Generation[sdk=iphoneos*]" = YES;
				"INFOPLIST_KEY_UILaunchScreen_Generation[sdk=iphonesimulator*]" = YES;
				"INFOPLIST_KEY_UIStatusBarStyle[sdk=iphoneos*]" = UIStatusBarStyleDefault;
				"INFOPLIST_KEY_UIStatusBarStyle[sdk=iphonesimulator*]" = UIStatusBarStyleDefault;
				INFOPLIST_KEY_UISupportedInterfaceOrientations_iPad = "UIInterfaceOrientationPortrait UIInterfaceOrientationPortraitUpsideDown UIInterfaceOrientationLandscapeLeft UIInterfaceOrientationLandscapeRight";
				INFOPLIST_KEY_UISupportedInterfaceOrientations_iPhone = "UIInterfaceOrientationPortrait UIInterfaceOrientationLandscapeLeft UIInterfaceOrientationLandscapeRight";
				IPHONEOS_DEPLOYMENT_TARGET = 16.0;
				LD_RUNPATH_SEARCH_PATHS = "@executable_path/Frameworks";
				"LD_RUNPATH_SEARCH_PATHS[sdk=macosx*]" = "@executable_path/../Frameworks";
				MACOSX_DEPLOYMENT_TARGET = 13.2;
				MARKETING_VERSION = 1.0;
				PRODUCT_BUNDLE_IDENTIFIER = com.safiribytes.AirBnB;
				PRODUCT_NAME = "$(TARGET_NAME)";
				SDKROOT = auto;
				SUPPORTED_PLATFORMS = "iphoneos iphonesimulator macosx";
				SWIFT_EMIT_LOC_STRINGS = YES;
				SWIFT_VERSION = 5.0;
				TARGETED_DEVICE_FAMILY = "1,2";
			};
			name = Release;
		};
/* End XCBuildConfiguration section */

/* Begin XCConfigurationList section */
		A3DAEE5E2B0B6CFA008CD0F0 /* Build configuration list for PBXProject "AirBnB" */ = {
			isa = XCConfigurationList;
			buildConfigurations = (
				A3DAEE702B0B6CFC008CD0F0 /* Debug */,
				A3DAEE712B0B6CFC008CD0F0 /* Release */,
			);
			defaultConfigurationIsVisible = 0;
			defaultConfigurationName = Release;
		};
		A3DAEE722B0B6CFC008CD0F0 /* Build configuration list for PBXNativeTarget "AirBnB" */ = {
			isa = XCConfigurationList;
			buildConfigurations = (
				A3DAEE732B0B6CFC008CD0F0 /* Debug */,
				A3DAEE742B0B6CFC008CD0F0 /* Release */,
			);
			defaultConfigurationIsVisible = 0;
			defaultConfigurationName = Release;
		};
/* End XCConfigurationList section */
	};
	rootObject = A3DAEE5B2B0B6CFA008CD0F0 /* Project object */;
}
